// !$*UTF8*$!
{
	archiveVersion = 1;
	classes = {
	};
	objectVersion = 56;
	objects = {

/* Begin PBXBuildFile section */
		763DABFE29D5CE590089F215 /* AppDelegate.swift in Sources */ = {isa = PBXBuildFile; fileRef = 763DABFD29D5CE590089F215 /* AppDelegate.swift */; };
		763DAC0029D5CE590089F215 /* SceneDelegate.swift in Sources */ = {isa = PBXBuildFile; fileRef = 763DABFF29D5CE590089F215 /* SceneDelegate.swift */; };
		763DAC0229D5CE590089F215 /* ViewController.swift in Sources */ = {isa = PBXBuildFile; fileRef = 763DAC0129D5CE590089F215 /* ViewController.swift */; };
		763DAC0529D5CE590089F215 /* Main.storyboard in Resources */ = {isa = PBXBuildFile; fileRef = 763DAC0329D5CE590089F215 /* Main.storyboard */; };
		763DAC0729D5CE5C0089F215 /* Assets.xcassets in Resources */ = {isa = PBXBuildFile; fileRef = 763DAC0629D5CE5C0089F215 /* Assets.xcassets */; };
		763DAC0A29D5CE5C0089F215 /* LaunchScreen.storyboard in Resources */ = {isa = PBXBuildFile; fileRef = 763DAC0829D5CE5C0089F215 /* LaunchScreen.storyboard */; };
		763DAC3729D5CF6A0089F215 /* WeatherDataWebService.swift in Sources */ = {isa = PBXBuildFile; fileRef = 763DAC3629D5CF6A0089F215 /* WeatherDataWebService.swift */; };
		763DAC3929D5CFC50089F215 /* WeatherDetailsViewModel.swift in Sources */ = {isa = PBXBuildFile; fileRef = 763DAC3829D5CFC50089F215 /* WeatherDetailsViewModel.swift */; };
		763DAC3B29D5D0020089F215 /* Model.swift in Sources */ = {isa = PBXBuildFile; fileRef = 763DAC3A29D5D0020089F215 /* Model.swift */; };
		763DAC3C29D5E1640089F215 /* ViewController.swift in Sources */ = {isa = PBXBuildFile; fileRef = 763DAC0129D5CE590089F215 /* ViewController.swift */; };
		76A2354D29D6F86100D1EE8E /* Double.swift in Sources */ = {isa = PBXBuildFile; fileRef = 76A2354C29D6F86100D1EE8E /* Double.swift */; };
		76A2354F29D6FD8900D1EE8E /* Button.swift in Sources */ = {isa = PBXBuildFile; fileRef = 76A2354E29D6FD8900D1EE8E /* Button.swift */; };
/* End PBXBuildFile section */

/* Begin PBXContainerItemProxy section */
		763DAC1129D5CE5D0089F215 /* PBXContainerItemProxy */ = {
			isa = PBXContainerItemProxy;
			containerPortal = 763DABF229D5CE590089F215 /* Project object */;
			proxyType = 1;
			remoteGlobalIDString = 763DABF929D5CE590089F215;
			remoteInfo = WeatherApp;
		};
		763DAC1B29D5CE5D0089F215 /* PBXContainerItemProxy */ = {
			isa = PBXContainerItemProxy;
			containerPortal = 763DABF229D5CE590089F215 /* Project object */;
			proxyType = 1;
			remoteGlobalIDString = 763DABF929D5CE590089F215;
			remoteInfo = WeatherApp;
		};
/* End PBXContainerItemProxy section */

/* Begin PBXFileReference section */
		763DABFA29D5CE590089F215 /* WeatherApp.app */ = {isa = PBXFileReference; explicitFileType = wrapper.application; includeInIndex = 0; path = WeatherApp.app; sourceTree = BUILT_PRODUCTS_DIR; };
		763DABFD29D5CE590089F215 /* AppDelegate.swift */ = {isa = PBXFileReference; lastKnownFileType = sourcecode.swift; path = AppDelegate.swift; sourceTree = "<group>"; };
		763DABFF29D5CE590089F215 /* SceneDelegate.swift */ = {isa = PBXFileReference; lastKnownFileType = sourcecode.swift; path = SceneDelegate.swift; sourceTree = "<group>"; };
		763DAC0129D5CE590089F215 /* ViewController.swift */ = {isa = PBXFileReference; lastKnownFileType = sourcecode.swift; path = ViewController.swift; sourceTree = "<group>"; };
		763DAC0429D5CE590089F215 /* Base */ = {isa = PBXFileReference; lastKnownFileType = file.storyboard; name = Base; path = Base.lproj/Main.storyboard; sourceTree = "<group>"; };
		763DAC0629D5CE5C0089F215 /* Assets.xcassets */ = {isa = PBXFileReference; lastKnownFileType = folder.assetcatalog; path = Assets.xcassets; sourceTree = "<group>"; };
		763DAC0929D5CE5C0089F215 /* Base */ = {isa = PBXFileReference; lastKnownFileType = file.storyboard; name = Base; path = Base.lproj/LaunchScreen.storyboard; sourceTree = "<group>"; };
		763DAC0B29D5CE5C0089F215 /* Info.plist */ = {isa = PBXFileReference; lastKnownFileType = text.plist.xml; path = Info.plist; sourceTree = "<group>"; };
		763DAC1029D5CE5D0089F215 /* WeatherAppTests.xctest */ = {isa = PBXFileReference; explicitFileType = wrapper.cfbundle; includeInIndex = 0; path = WeatherAppTests.xctest; sourceTree = BUILT_PRODUCTS_DIR; };
		763DAC1A29D5CE5D0089F215 /* WeatherAppUITests.xctest */ = {isa = PBXFileReference; explicitFileType = wrapper.cfbundle; includeInIndex = 0; path = WeatherAppUITests.xctest; sourceTree = BUILT_PRODUCTS_DIR; };
		763DAC3629D5CF6A0089F215 /* WeatherDataWebService.swift */ = {isa = PBXFileReference; lastKnownFileType = sourcecode.swift; path = WeatherDataWebService.swift; sourceTree = "<group>"; };
		763DAC3829D5CFC50089F215 /* WeatherDetailsViewModel.swift */ = {isa = PBXFileReference; lastKnownFileType = sourcecode.swift; path = WeatherDetailsViewModel.swift; sourceTree = "<group>"; };
		763DAC3A29D5D0020089F215 /* Model.swift */ = {isa = PBXFileReference; lastKnownFileType = sourcecode.swift; path = Model.swift; sourceTree = "<group>"; };
		76A2354C29D6F86100D1EE8E /* Double.swift */ = {isa = PBXFileReference; lastKnownFileType = sourcecode.swift; path = Double.swift; sourceTree = "<group>"; };
		76A2354E29D6FD8900D1EE8E /* Button.swift */ = {isa = PBXFileReference; lastKnownFileType = sourcecode.swift; path = Button.swift; sourceTree = "<group>"; };
/* End PBXFileReference section */

/* Begin PBXFrameworksBuildPhase section */
		763DABF729D5CE590089F215 /* Frameworks */ = {
			isa = PBXFrameworksBuildPhase;
			buildActionMask = 2147483647;
			files = (
			);
			runOnlyForDeploymentPostprocessing = 0;
		};
		763DAC0D29D5CE5D0089F215 /* Frameworks */ = {
			isa = PBXFrameworksBuildPhase;
			buildActionMask = 2147483647;
			files = (
			);
			runOnlyForDeploymentPostprocessing = 0;
		};
		763DAC1729D5CE5D0089F215 /* Frameworks */ = {
			isa = PBXFrameworksBuildPhase;
			buildActionMask = 2147483647;
			files = (
			);
			runOnlyForDeploymentPostprocessing = 0;
		};
/* End PBXFrameworksBuildPhase section */

/* Begin PBXGroup section */
		763DABF129D5CE590089F215 = {
			isa = PBXGroup;
			children = (
				763DABFC29D5CE590089F215 /* WeatherApp */,
				763DABFB29D5CE590089F215 /* Products */,
			);
			sourceTree = "<group>";
		};
		763DABFB29D5CE590089F215 /* Products */ = {
			isa = PBXGroup;
			children = (
				763DABFA29D5CE590089F215 /* WeatherApp.app */,
				763DAC1029D5CE5D0089F215 /* WeatherAppTests.xctest */,
				763DAC1A29D5CE5D0089F215 /* WeatherAppUITests.xctest */,
			);
			name = Products;
			sourceTree = "<group>";
		};
		763DABFC29D5CE590089F215 /* WeatherApp */ = {
			isa = PBXGroup;
			children = (
				76A2354B29D6F83400D1EE8E /* Extensions */,
				763DAC3029D5CE970089F215 /* Service */,
				763DAC2F29D5CE800089F215 /* ViewModel */,
				763DAC2E29D5CE7C0089F215 /* Model */,
				763DABFD29D5CE590089F215 /* AppDelegate.swift */,
				763DABFF29D5CE590089F215 /* SceneDelegate.swift */,
				763DAC0129D5CE590089F215 /* ViewController.swift */,
				763DAC0329D5CE590089F215 /* Main.storyboard */,
				763DAC0629D5CE5C0089F215 /* Assets.xcassets */,
				763DAC0829D5CE5C0089F215 /* LaunchScreen.storyboard */,
				763DAC0B29D5CE5C0089F215 /* Info.plist */,
			);
			path = WeatherApp;
			sourceTree = "<group>";
		};
		763DAC2E29D5CE7C0089F215 /* Model */ = {
			isa = PBXGroup;
			children = (
				763DAC3A29D5D0020089F215 /* Model.swift */,
			);
			path = Model;
			sourceTree = "<group>";
		};
		763DAC2F29D5CE800089F215 /* ViewModel */ = {
			isa = PBXGroup;
			children = (
				763DAC3829D5CFC50089F215 /* WeatherDetailsViewModel.swift */,
			);
			path = ViewModel;
			sourceTree = "<group>";
		};
		763DAC3029D5CE970089F215 /* Service */ = {
			isa = PBXGroup;
			children = (
				763DAC3629D5CF6A0089F215 /* WeatherDataWebService.swift */,
			);
			path = Service;
			sourceTree = "<group>";
		};
		76A2354B29D6F83400D1EE8E /* Extensions */ = {
			isa = PBXGroup;
			children = (
				76A2354C29D6F86100D1EE8E /* Double.swift */,
				76A2354E29D6FD8900D1EE8E /* Button.swift */,
			);
			path = Extensions;
			sourceTree = "<group>";
		};
/* End PBXGroup section */

/* Begin PBXNativeTarget section */
		763DABF929D5CE590089F215 /* WeatherApp */ = {
			isa = PBXNativeTarget;
			buildConfigurationList = 763DAC2429D5CE5D0089F215 /* Build configuration list for PBXNativeTarget "WeatherApp" */;
			buildPhases = (
				763DABF629D5CE590089F215 /* Sources */,
				763DABF729D5CE590089F215 /* Frameworks */,
				763DABF829D5CE590089F215 /* Resources */,
			);
			buildRules = (
			);
			dependencies = (
			);
			name = WeatherApp;
			productName = WeatherApp;
			productReference = 763DABFA29D5CE590089F215 /* WeatherApp.app */;
			productType = "com.apple.product-type.application";
		};
		763DAC0F29D5CE5D0089F215 /* WeatherAppTests */ = {
			isa = PBXNativeTarget;
			buildConfigurationList = 763DAC2729D5CE5D0089F215 /* Build configuration list for PBXNativeTarget "WeatherAppTests" */;
			buildPhases = (
				763DAC0C29D5CE5D0089F215 /* Sources */,
				763DAC0D29D5CE5D0089F215 /* Frameworks */,
				763DAC0E29D5CE5D0089F215 /* Resources */,
			);
			buildRules = (
			);
			dependencies = (
				763DAC1229D5CE5D0089F215 /* PBXTargetDependency */,
			);
			name = WeatherAppTests;
			productName = WeatherAppTests;
			productReference = 763DAC1029D5CE5D0089F215 /* WeatherAppTests.xctest */;
			productType = "com.apple.product-type.bundle.unit-test";
		};
		763DAC1929D5CE5D0089F215 /* WeatherAppUITests */ = {
			isa = PBXNativeTarget;
			buildConfigurationList = 763DAC2A29D5CE5D0089F215 /* Build configuration list for PBXNativeTarget "WeatherAppUITests" */;
			buildPhases = (
				763DAC1629D5CE5D0089F215 /* Sources */,
				763DAC1729D5CE5D0089F215 /* Frameworks */,
				763DAC1829D5CE5D0089F215 /* Resources */,
			);
			buildRules = (
			);
			dependencies = (
				763DAC1C29D5CE5D0089F215 /* PBXTargetDependency */,
			);
			name = WeatherAppUITests;
			productName = WeatherAppUITests;
			productReference = 763DAC1A29D5CE5D0089F215 /* WeatherAppUITests.xctest */;
			productType = "com.apple.product-type.bundle.ui-testing";
		};
/* End PBXNativeTarget section */

/* Begin PBXProject section */
		763DABF229D5CE590089F215 /* Project object */ = {
			isa = PBXProject;
			attributes = {
				BuildIndependentTargetsInParallel = 1;
				LastSwiftUpdateCheck = 1400;
				LastUpgradeCheck = 1400;
				TargetAttributes = {
					763DABF929D5CE590089F215 = {
						CreatedOnToolsVersion = 14.0;
					};
					763DAC0F29D5CE5D0089F215 = {
						CreatedOnToolsVersion = 14.0;
						TestTargetID = 763DABF929D5CE590089F215;
					};
					763DAC1929D5CE5D0089F215 = {
						CreatedOnToolsVersion = 14.0;
						TestTargetID = 763DABF929D5CE590089F215;
					};
				};
			};
			buildConfigurationList = 763DABF529D5CE590089F215 /* Build configuration list for PBXProject "WeatherApp" */;
			compatibilityVersion = "Xcode 14.0";
			developmentRegion = en;
			hasScannedForEncodings = 0;
			knownRegions = (
				en,
				Base,
			);
			mainGroup = 763DABF129D5CE590089F215;
			productRefGroup = 763DABFB29D5CE590089F215 /* Products */;
			projectDirPath = "";
			projectRoot = "";
			targets = (
				763DABF929D5CE590089F215 /* WeatherApp */,
				763DAC0F29D5CE5D0089F215 /* WeatherAppTests */,
				763DAC1929D5CE5D0089F215 /* WeatherAppUITests */,
			);
		};
/* End PBXProject section */

/* Begin PBXResourcesBuildPhase section */
		763DABF829D5CE590089F215 /* Resources */ = {
			isa = PBXResourcesBuildPhase;
			buildActionMask = 2147483647;
			files = (
				763DAC0A29D5CE5C0089F215 /* LaunchScreen.storyboard in Resources */,
				763DAC0729D5CE5C0089F215 /* Assets.xcassets in Resources */,
				763DAC0529D5CE590089F215 /* Main.storyboard in Resources */,
			);
			runOnlyForDeploymentPostprocessing = 0;
		};
		763DAC0E29D5CE5D0089F215 /* Resources */ = {
			isa = PBXResourcesBuildPhase;
			buildActionMask = 2147483647;
			files = (
			);
			runOnlyForDeploymentPostprocessing = 0;
		};
		763DAC1829D5CE5D0089F215 /* Resources */ = {
			isa = PBXResourcesBuildPhase;
			buildActionMask = 2147483647;
			files = (
			);
			runOnlyForDeploymentPostprocessing = 0;
		};
/* End PBXResourcesBuildPhase section */

/* Begin PBXSourcesBuildPhase section */
		763DABF629D5CE590089F215 /* Sources */ = {
			isa = PBXSourcesBuildPhase;
			buildActionMask = 2147483647;
			files = (
				763DAC3B29D5D0020089F215 /* Model.swift in Sources */,
				763DAC3729D5CF6A0089F215 /* WeatherDataWebService.swift in Sources */,
				763DAC3929D5CFC50089F215 /* WeatherDetailsViewModel.swift in Sources */,
				76A2354F29D6FD8900D1EE8E /* Button.swift in Sources */,
				763DAC0229D5CE590089F215 /* ViewController.swift in Sources */,
				763DABFE29D5CE590089F215 /* AppDelegate.swift in Sources */,
				763DAC0029D5CE590089F215 /* SceneDelegate.swift in Sources */,
				76A2354D29D6F86100D1EE8E /* Double.swift in Sources */,
			);
			runOnlyForDeploymentPostprocessing = 0;
		};
		763DAC0C29D5CE5D0089F215 /* Sources */ = {
			isa = PBXSourcesBuildPhase;
			buildActionMask = 2147483647;
			files = (
				763DAC3C29D5E1640089F215 /* ViewController.swift in Sources */,
			);
			runOnlyForDeploymentPostprocessing = 0;
		};
		763DAC1629D5CE5D0089F215 /* Sources */ = {
			isa = PBXSourcesBuildPhase;
			buildActionMask = 2147483647;
			files = (
			);
			runOnlyForDeploymentPostprocessing = 0;
		};
/* End PBXSourcesBuildPhase section */

/* Begin PBXTargetDependency section */
		763DAC1229D5CE5D0089F215 /* PBXTargetDependency */ = {
			isa = PBXTargetDependency;
			target = 763DABF929D5CE590089F215 /* WeatherApp */;
			targetProxy = 763DAC1129D5CE5D0089F215 /* PBXContainerItemProxy */;
		};
		763DAC1C29D5CE5D0089F215 /* PBXTargetDependency */ = {
			isa = PBXTargetDependency;
			target = 763DABF929D5CE590089F215 /* WeatherApp */;
			targetProxy = 763DAC1B29D5CE5D0089F215 /* PBXContainerItemProxy */;
		};
/* End PBXTargetDependency section */

/* Begin PBXVariantGroup section */
		763DAC0329D5CE590089F215 /* Main.storyboard */ = {
			isa = PBXVariantGroup;
			children = (
				763DAC0429D5CE590089F215 /* Base */,
			);
			name = Main.storyboard;
			sourceTree = "<group>";
		};
		763DAC0829D5CE5C0089F215 /* LaunchScreen.storyboard */ = {
			isa = PBXVariantGroup;
			children = (
				763DAC0929D5CE5C0089F215 /* Base */,
			);
			name = LaunchScreen.storyboard;
			sourceTree = "<group>";
		};
/* End PBXVariantGroup section */

/* Begin XCBuildConfiguration section */
		763DAC2229D5CE5D0089F215 /* Debug */ = {
			isa = XCBuildConfiguration;
			buildSettings = {
				ALWAYS_SEARCH_USER_PATHS = NO;
				CLANG_ANALYZER_NONNULL = YES;
				CLANG_ANALYZER_NUMBER_OBJECT_CONVERSION = YES_AGGRESSIVE;
				CLANG_CXX_LANGUAGE_STANDARD = "gnu++20";
				CLANG_ENABLE_MODULES = YES;
				CLANG_ENABLE_OBJC_ARC = YES;
				CLANG_ENABLE_OBJC_WEAK = YES;
				CLANG_WARN_BLOCK_CAPTURE_AUTORELEASING = YES;
				CLANG_WARN_BOOL_CONVERSION = YES;
				CLANG_WARN_COMMA = YES;
				CLANG_WARN_CONSTANT_CONVERSION = YES;
				CLANG_WARN_DEPRECATED_OBJC_IMPLEMENTATIONS = YES;
				CLANG_WARN_DIRECT_OBJC_ISA_USAGE = YES_ERROR;
				CLANG_WARN_DOCUMENTATION_COMMENTS = YES;
				CLANG_WARN_EMPTY_BODY = YES;
				CLANG_WARN_ENUM_CONVERSION = YES;
				CLANG_WARN_INFINITE_RECURSION = YES;
				CLANG_WARN_INT_CONVERSION = YES;
				CLANG_WARN_NON_LITERAL_NULL_CONVERSION = YES;
				CLANG_WARN_OBJC_IMPLICIT_RETAIN_SELF = YES;
				CLANG_WARN_OBJC_LITERAL_CONVERSION = YES;
				CLANG_WARN_OBJC_ROOT_CLASS = YES_ERROR;
				CLANG_WARN_QUOTED_INCLUDE_IN_FRAMEWORK_HEADER = YES;
				CLANG_WARN_RANGE_LOOP_ANALYSIS = YES;
				CLANG_WARN_STRICT_PROTOTYPES = YES;
				CLANG_WARN_SUSPICIOUS_MOVE = YES;
				CLANG_WARN_UNGUARDED_AVAILABILITY = YES_AGGRESSIVE;
				CLANG_WARN_UNREACHABLE_CODE = YES;
				CLANG_WARN__DUPLICATE_METHOD_MATCH = YES;
				COPY_PHASE_STRIP = NO;
				DEBUG_INFORMATION_FORMAT = dwarf;
				ENABLE_STRICT_OBJC_MSGSEND = YES;
				ENABLE_TESTABILITY = YES;
				GCC_C_LANGUAGE_STANDARD = gnu11;
				GCC_DYNAMIC_NO_PIC = NO;
				GCC_NO_COMMON_BLOCKS = YES;
				GCC_OPTIMIZATION_LEVEL = 0;
				GCC_PREPROCESSOR_DEFINITIONS = (
					"DEBUG=1",
					"$(inherited)",
				);
				GCC_WARN_64_TO_32_BIT_CONVERSION = YES;
				GCC_WARN_ABOUT_RETURN_TYPE = YES_ERROR;
				GCC_WARN_UNDECLARED_SELECTOR = YES;
				GCC_WARN_UNINITIALIZED_AUTOS = YES_AGGRESSIVE;
				GCC_WARN_UNUSED_FUNCTION = YES;
				GCC_WARN_UNUSED_VARIABLE = YES;
				IPHONEOS_DEPLOYMENT_TARGET = 16.0;
				MTL_ENABLE_DEBUG_INFO = INCLUDE_SOURCE;
				MTL_FAST_MATH = YES;
				ONLY_ACTIVE_ARCH = YES;
				SDKROOT = iphoneos;
				SWIFT_ACTIVE_COMPILATION_CONDITIONS = DEBUG;
				SWIFT_OPTIMIZATION_LEVEL = "-Onone";
			};
			name = Debug;
		};
		763DAC2329D5CE5D0089F215 /* Release */ = {
			isa = XCBuildConfiguration;
			buildSettings = {
				ALWAYS_SEARCH_USER_PATHS = NO;
				CLANG_ANALYZER_NONNULL = YES;
				CLANG_ANALYZER_NUMBER_OBJECT_CONVERSION = YES_AGGRESSIVE;
				CLANG_CXX_LANGUAGE_STANDARD = "gnu++20";
				CLANG_ENABLE_MODULES = YES;
				CLANG_ENABLE_OBJC_ARC = YES;
				CLANG_ENABLE_OBJC_WEAK = YES;
				CLANG_WARN_BLOCK_CAPTURE_AUTORELEASING = YES;
				CLANG_WARN_BOOL_CONVERSION = YES;
				CLANG_WARN_COMMA = YES;
				CLANG_WARN_CONSTANT_CONVERSION = YES;
				CLANG_WARN_DEPRECATED_OBJC_IMPLEMENTATIONS = YES;
				CLANG_WARN_DIRECT_OBJC_ISA_USAGE = YES_ERROR;
				CLANG_WARN_DOCUMENTATION_COMMENTS = YES;
				CLANG_WARN_EMPTY_BODY = YES;
				CLANG_WARN_ENUM_CONVERSION = YES;
				CLANG_WARN_INFINITE_RECURSION = YES;
				CLANG_WARN_INT_CONVERSION = YES;
				CLANG_WARN_NON_LITERAL_NULL_CONVERSION = YES;
				CLANG_WARN_OBJC_IMPLICIT_RETAIN_SELF = YES;
				CLANG_WARN_OBJC_LITERAL_CONVERSION = YES;
				CLANG_WARN_OBJC_ROOT_CLASS = YES_ERROR;
				CLANG_WARN_QUOTED_INCLUDE_IN_FRAMEWORK_HEADER = YES;
				CLANG_WARN_RANGE_LOOP_ANALYSIS = YES;
				CLANG_WARN_STRICT_PROTOTYPES = YES;
				CLANG_WARN_SUSPICIOUS_MOVE = YES;
				CLANG_WARN_UNGUARDED_AVAILABILITY = YES_AGGRESSIVE;
				CLANG_WARN_UNREACHABLE_CODE = YES;
				CLANG_WARN__DUPLICATE_METHOD_MATCH = YES;
				COPY_PHASE_STRIP = NO;
				DEBUG_INFORMATION_FORMAT = "dwarf-with-dsym";
				ENABLE_NS_ASSERTIONS = NO;
				ENABLE_STRICT_OBJC_MSGSEND = YES;
				GCC_C_LANGUAGE_STANDARD = gnu11;
				GCC_NO_COMMON_BLOCKS = YES;
				GCC_WARN_64_TO_32_BIT_CONVERSION = YES;
				GCC_WARN_ABOUT_RETURN_TYPE = YES_ERROR;
				GCC_WARN_UNDECLARED_SELECTOR = YES;
				GCC_WARN_UNINITIALIZED_AUTOS = YES_AGGRESSIVE;
				GCC_WARN_UNUSED_FUNCTION = YES;
				GCC_WARN_UNUSED_VARIABLE = YES;
				IPHONEOS_DEPLOYMENT_TARGET = 16.0;
				MTL_ENABLE_DEBUG_INFO = NO;
				MTL_FAST_MATH = YES;
				SDKROOT = iphoneos;
				SWIFT_COMPILATION_MODE = wholemodule;
				SWIFT_OPTIMIZATION_LEVEL = "-O";
				VALIDATE_PRODUCT = YES;
			};
			name = Release;
		};
		763DAC2529D5CE5D0089F215 /* Debug */ = {
			isa = XCBuildConfiguration;
			buildSettings = {
				ASSETCATALOG_COMPILER_APPICON_NAME = AppIcon;
				ASSETCATALOG_COMPILER_GLOBAL_ACCENT_COLOR_NAME = AccentColor;
				CODE_SIGN_STYLE = Automatic;
				CURRENT_PROJECT_VERSION = 1;
				GENERATE_INFOPLIST_FILE = YES;
				INFOPLIST_FILE = WeatherApp/Info.plist;
				INFOPLIST_KEY_UIApplicationSupportsIndirectInputEvents = YES;
				INFOPLIST_KEY_UILaunchStoryboardName = LaunchScreen;
				INFOPLIST_KEY_UIMainStoryboardFile = Main;
				INFOPLIST_KEY_UISupportedInterfaceOrientations_iPad = "UIInterfaceOrientationPortrait UIInterfaceOrientationPortraitUpsideDown UIInterfaceOrientationLandscapeLeft UIInterfaceOrientationLandscapeRight";
				INFOPLIST_KEY_UISupportedInterfaceOrientations_iPhone = "UIInterfaceOrientationPortrait UIInterfaceOrientationLandscapeLeft UIInterfaceOrientationLandscapeRight";
				LD_RUNPATH_SEARCH_PATHS = (
					"$(inherited)",
					"@executable_path/Frameworks",
				);
				MARKETING_VERSION = 1.0;
				PRODUCT_BUNDLE_IDENTIFIER = priyanka.WeatherApp;
				PRODUCT_NAME = "$(TARGET_NAME)";
				SWIFT_EMIT_LOC_STRINGS = YES;
				SWIFT_VERSION = 5.0;
				TARGETED_DEVICE_FAMILY = "1,2";
			};
			name = Debug;
		};
		763DAC2629D5CE5D0089F215 /* Release */ = {
			isa = XCBuildConfiguration;
			buildSettings = {
				ASSETCATALOG_COMPILER_APPICON_NAME = AppIcon;
				ASSETCATALOG_COMPILER_GLOBAL_ACCENT_COLOR_NAME = AccentColor;
				CODE_SIGN_STYLE = Automatic;
				CURRENT_PROJECT_VERSION = 1;
				GENERATE_INFOPLIST_FILE = YES;
				INFOPLIST_FILE = WeatherApp/Info.plist;
				INFOPLIST_KEY_UIApplicationSupportsIndirectInputEvents = YES;
				INFOPLIST_KEY_UILaunchStoryboardName = LaunchScreen;
				INFOPLIST_KEY_UIMainStoryboardFile = Main;
				INFOPLIST_KEY_UISupportedInterfaceOrientations_iPad = "UIInterfaceOrientationPortrait UIInterfaceOrientationPortraitUpsideDown UIInterfaceOrientationLandscapeLeft UIInterfaceOrientationLandscapeRight";
				INFOPLIST_KEY_UISupportedInterfaceOrientations_iPhone = "UIInterfaceOrientationPortrait UIInterfaceOrientationLandscapeLeft UIInterfaceOrientationLandscapeRight";
				LD_RUNPATH_SEARCH_PATHS = (
					"$(inherited)",
					"@executable_path/Frameworks",
				);
				MARKETING_VERSION = 1.0;
				PRODUCT_BUNDLE_IDENTIFIER = priyanka.WeatherApp;
				PRODUCT_NAME = "$(TARGET_NAME)";
				SWIFT_EMIT_LOC_STRINGS = YES;
				SWIFT_VERSION = 5.0;
				TARGETED_DEVICE_FAMILY = "1,2";
			};
			name = Release;
		};
		763DAC2829D5CE5D0089F215 /* Debug */ = {
			isa = XCBuildConfiguration;
			buildSettings = {
				ALWAYS_EMBED_SWIFT_STANDARD_LIBRARIES = YES;
				BUNDLE_LOADER = "$(TEST_HOST)";
				CODE_SIGN_STYLE = Automatic;
				CURRENT_PROJECT_VERSION = 1;
				GENERATE_INFOPLIST_FILE = YES;
				IPHONEOS_DEPLOYMENT_TARGET = 16.0;
				MARKETING_VERSION = 1.0;
				PRODUCT_BUNDLE_IDENTIFIER = priyanka.WeatherAppTests;
				PRODUCT_NAME = "$(TARGET_NAME)";
				SWIFT_EMIT_LOC_STRINGS = NO;
				SWIFT_VERSION = 5.0;
				TARGETED_DEVICE_FAMILY = "1,2";
				TEST_HOST = "$(BUILT_PRODUCTS_DIR)/WeatherApp.app/$(BUNDLE_EXECUTABLE_FOLDER_PATH)/WeatherApp";
			};
			name = Debug;
		};
		763DAC2929D5CE5D0089F215 /* Release */ = {
			isa = XCBuildConfiguration;
			buildSettings = {
				ALWAYS_EMBED_SWIFT_STANDARD_LIBRARIES = YES;
				BUNDLE_LOADER = "$(TEST_HOST)";
				CODE_SIGN_STYLE = Automatic;
				CURRENT_PROJECT_VERSION = 1;
				GENERATE_INFOPLIST_FILE = YES;
				IPHONEOS_DEPLOYMENT_TARGET = 16.0;
				MARKETING_VERSION = 1.0;
				PRODUCT_BUNDLE_IDENTIFIER = priyanka.WeatherAppTests;
				PRODUCT_NAME = "$(TARGET_NAME)";
				SWIFT_EMIT_LOC_STRINGS = NO;
				SWIFT_VERSION = 5.0;
				TARGETED_DEVICE_FAMILY = "1,2";
				TEST_HOST = "$(BUILT_PRODUCTS_DIR)/WeatherApp.app/$(BUNDLE_EXECUTABLE_FOLDER_PATH)/WeatherApp";
			};
			name = Release;
		};
		763DAC2B29D5CE5D0089F215 /* Debug */ = {
			isa = XCBuildConfiguration;
			buildSettings = {
				ALWAYS_EMBED_SWIFT_STANDARD_LIBRARIES = YES;
				CODE_SIGN_STYLE = Automatic;
				CURRENT_PROJECT_VERSION = 1;
				GENERATE_INFOPLIST_FILE = YES;
				MARKETING_VERSION = 1.0;
				PRODUCT_BUNDLE_IDENTIFIER = priyanka.WeatherAppUITests;
				PRODUCT_NAME = "$(TARGET_NAME)";
				SWIFT_EMIT_LOC_STRINGS = NO;
				SWIFT_VERSION = 5.0;
				TARGETED_DEVICE_FAMILY = "1,2";
				TEST_TARGET_NAME = WeatherApp;
			};
			name = Debug;
		};
		763DAC2C29D5CE5D0089F215 /* Release */ = {
			isa = XCBuildConfiguration;
			buildSettings = {
				ALWAYS_EMBED_SWIFT_STANDARD_LIBRARIES = YES;
				CODE_SIGN_STYLE = Automatic;
				CURRENT_PROJECT_VERSION = 1;
				GENERATE_INFOPLIST_FILE = YES;
				MARKETING_VERSION = 1.0;
				PRODUCT_BUNDLE_IDENTIFIER = priyanka.WeatherAppUITests;
				PRODUCT_NAME = "$(TARGET_NAME)";
				SWIFT_EMIT_LOC_STRINGS = NO;
				SWIFT_VERSION = 5.0;
				TARGETED_DEVICE_FAMILY = "1,2";
				TEST_TARGET_NAME = WeatherApp;
			};
			name = Release;
		};
/* End XCBuildConfiguration section */

/* Begin XCConfigurationList section */
		763DABF529D5CE590089F215 /* Build configuration list for PBXProject "WeatherApp" */ = {
			isa = XCConfigurationList;
			buildConfigurations = (
				763DAC2229D5CE5D0089F215 /* Debug */,
				763DAC2329D5CE5D0089F215 /* Release */,
			);
			defaultConfigurationIsVisible = 0;
			defaultConfigurationName = Release;
		};
		763DAC2429D5CE5D0089F215 /* Build configuration list for PBXNativeTarget "WeatherApp" */ = {
			isa = XCConfigurationList;
			buildConfigurations = (
				763DAC2529D5CE5D0089F215 /* Debug */,
				763DAC2629D5CE5D0089F215 /* Release */,
			);
			defaultConfigurationIsVisible = 0;
			defaultConfigurationName = Release;
		};
		763DAC2729D5CE5D0089F215 /* Build configuration list for PBXNativeTarget "WeatherAppTests" */ = {
			isa = XCConfigurationList;
			buildConfigurations = (
				763DAC2829D5CE5D0089F215 /* Debug */,
				763DAC2929D5CE5D0089F215 /* Release */,
			);
			defaultConfigurationIsVisible = 0;
			defaultConfigurationName = Release;
		};
		763DAC2A29D5CE5D0089F215 /* Build configuration list for PBXNativeTarget "WeatherAppUITests" */ = {
			isa = XCConfigurationList;
			buildConfigurations = (
				763DAC2B29D5CE5D0089F215 /* Debug */,
				763DAC2C29D5CE5D0089F215 /* Release */,
			);
			defaultConfigurationIsVisible = 0;
			defaultConfigurationName = Release;
		};
/* End XCConfigurationList section */
	};
	rootObject = 763DABF229D5CE590089F215 /* Project object */;
}
